
Microsoft Visual Studio Solution File, Format Version 12.00
# Visual Studio Version 16
VisualStudioVersion = 16.0.34601.136
MinimumVisualStudioVersion = 10.0.40219.1
Project("{FAE04EC0-301F-11D3-BF4B-00C04F79EFBC}") = "WSUniversalLib", "WSUniversalLib\WSUniversalLib.csproj", "{42D9F2FD-F4E1-49F6-87CE-3833DB7DFDA0}"
EndProject
Project("{9A19103F-16F7-4668-BE54-9A1E7A4F7556}") = "UnitTest", "UnitTest\WSUniversalLib\UnitTest.csproj", "{B4391DEA-637A-46C6-A407-29BD0CBFC092}"
EndProject
Global
	GlobalSection(SolutionConfigurationPlatforms) = preSolution
		Debug|Any CPU = Debug|Any CPU
		Release|Any CPU = Release|Any CPU
	EndGlobalSection
	GlobalSection(ProjectConfigurationPlatforms) = postSolution
		{42D9F2FD-F4E1-49F6-87CE-3833DB7DFDA0}.Debug|Any CPU.ActiveCfg = Debug|Any CPU
		{42D9F2FD-F4E1-49F6-87CE-3833DB7DFDA0}.Debug|Any CPU.Build.0 = Debug|Any CPU
		{42D9F2FD-F4E1-49F6-87CE-3833DB7DFDA0}.Release|Any CPU.ActiveCfg = Release|Any CPU
		{42D9F2FD-F4E1-49F6-87CE-3833DB7DFDA0}.Release|Any CPU.Build.0 = Release|Any CPU
		{B4391DEA-637A-46C6-A407-29BD0CBFC092}.Debug|Any CPU.ActiveCfg = Debug|Any CPU
		{B4391DEA-637A-46C6-A407-29BD0CBFC092}.Debug|Any CPU.Build.0 = Debug|Any CPU
		{B4391DEA-637A-46C6-A407-29BD0CBFC092}.Release|Any CPU.ActiveCfg = Release|Any CPU
		{B4391DEA-637A-46C6-A407-29BD0CBFC092}.Release|Any CPU.Build.0 = Release|Any CPU
	EndGlobalSection
	GlobalSection(SolutionProperties) = preSolution
		HideSolutionNode = FALSE
	EndGlobalSection
	GlobalSection(ExtensibilityGlobals) = postSolution
		SolutionGuid = {46DC1696-9A94-4BD9-A2DC-259C4656B6F9}
	EndGlobalSection
EndGlobal
